# Code generated by scarb DO NOT EDIT.
version = 1

[[package]]
name = "alexandria_bytes"
version = "0.9.0"
source = "git+https://github.com/keep-starknet-strange/alexandria.git?tag=v0.9.0#2b04d3ff2a302b40d092ad68b2920f28792582eb"
dependencies = [
 "alexandria_data_structures",
 "alexandria_math",
]

[[package]]
name = "alexandria_data_structures"
version = "0.9.0"
source = "git+https://github.com/keep-starknet-strange/alexandria.git?tag=v0.9.0#2b04d3ff2a302b40d092ad68b2920f28792582eb"

[[package]]
name = "alexandria_encoding"
version = "0.9.0"
source = "git+https://github.com/keep-starknet-strange/alexandria.git?tag=v0.9.0#2b04d3ff2a302b40d092ad68b2920f28792582eb"
dependencies = [
 "alexandria_bytes",
 "alexandria_data_structures",
 "alexandria_math",
 "alexandria_numeric",
]

[[package]]
name = "alexandria_math"
version = "0.9.0"
source = "git+https://github.com/keep-starknet-strange/alexandria.git?tag=v0.9.0#2b04d3ff2a302b40d092ad68b2920f28792582eb"

[[package]]
name = "alexandria_numeric"
version = "0.9.0"
source = "git+https://github.com/keep-starknet-strange/alexandria.git?tag=v0.9.0#2b04d3ff2a302b40d092ad68b2920f28792582eb"
dependencies = [
 "alexandria_math",
 "alexandria_searching",
]

[[package]]
name = "alexandria_searching"
version = "0.9.0"
source = "git+https://github.com/keep-starknet-strange/alexandria.git?tag=v0.9.0#2b04d3ff2a302b40d092ad68b2920f28792582eb"
dependencies = [
 "alexandria_data_structures",
]

[[package]]
name = "denshokan_interfaces"
version = "0.1.0"
source = "git+https://github.com/Provable-Games/denshokan.git?branch=main#01efa9d72607c8f1592fcad412ba3a11b25cfeed"
dependencies = [
 "game_components_embeddable_game_standard",
]

[[package]]
name = "denshokan_registry"
version = "0.1.0"
source = "git+https://github.com/Provable-Games/denshokan.git?branch=main#01efa9d72607c8f1592fcad412ba3a11b25cfeed"
dependencies = [
 "game_components_embeddable_game_standard",
 "openzeppelin_interfaces",
 "openzeppelin_introspection",
 "openzeppelin_token",
]

[[package]]
name = "denshokan_renderer"
version = "0.1.0"
source = "git+https://github.com/Provable-Games/denshokan.git?branch=main#01efa9d72607c8f1592fcad412ba3a11b25cfeed"
dependencies = [
 "game_components_embeddable_game_standard",
 "game_components_utilities",
]

[[package]]
name = "denshokan_testing"
version = "0.1.0"
source = "git+https://github.com/Provable-Games/denshokan.git?branch=main#01efa9d72607c8f1592fcad412ba3a11b25cfeed"
dependencies = [
 "denshokan_renderer",
 "game_components_embeddable_game_standard",
 "game_components_test_common",
 "openzeppelin_interfaces",
 "openzeppelin_introspection",
 "snforge_std",
]

[[package]]
name = "denshokan_token"
version = "0.1.0"
source = "git+https://github.com/Provable-Games/denshokan.git?branch=main#01efa9d72607c8f1592fcad412ba3a11b25cfeed"
dependencies = [
 "denshokan_interfaces",
 "denshokan_renderer",
 "game_components_embeddable_game_standard",
 "game_components_utilities",
 "openzeppelin_access",
 "openzeppelin_interfaces",
 "openzeppelin_introspection",
 "openzeppelin_token",
 "openzeppelin_upgrades",
]

[[package]]
name = "ekubo"
version = "0.1.0"
source = "git+https://github.com/EkuboProtocol/starknet-contracts.git?tag=v4.0.1#3db234ee0c4a9e1709677f6180186d37a356a14e"

[[package]]
name = "game_components_embeddable_game_standard"
version = "1.5.1"
source = "git+https://github.com/Provable-Games/game-components.git?branch=next#a6d9749b4fa4d7f5367a929deffb40814628d9cc"
dependencies = [
 "game_components_interfaces",
 "game_components_metagame",
 "game_components_utilities",
 "openzeppelin_access",
 "openzeppelin_interfaces",
 "openzeppelin_introspection",
 "openzeppelin_token",
]

[[package]]
name = "game_components_interfaces"
version = "1.5.1"
source = "git+https://github.com/Provable-Games/game-components.git?branch=next#a6d9749b4fa4d7f5367a929deffb40814628d9cc"
dependencies = [
 "ekubo",
 "interfaces",
]

[[package]]
name = "game_components_metagame"
version = "1.5.1"
source = "git+https://github.com/Provable-Games/game-components.git?branch=next#a6d9749b4fa4d7f5367a929deffb40814628d9cc"
dependencies = [
 "game_components_interfaces",
 "game_components_utilities",
 "interfaces",
 "openzeppelin_interfaces",
 "openzeppelin_introspection",
]

[[package]]
name = "game_components_test_common"
version = "1.5.1"
source = "git+https://github.com/Provable-Games/game-components.git?branch=next#a6d9749b4fa4d7f5367a929deffb40814628d9cc"
dependencies = [
 "game_components_embeddable_game_standard",
 "game_components_interfaces",
 "game_components_metagame",
 "game_components_utilities",
 "interfaces",
 "openzeppelin_access",
 "openzeppelin_interfaces",
 "openzeppelin_introspection",
 "openzeppelin_token",
 "snforge_std",
]

[[package]]
name = "game_components_utilities"
version = "1.5.1"
source = "git+https://github.com/Provable-Games/game-components.git?branch=next#a6d9749b4fa4d7f5367a929deffb40814628d9cc"
dependencies = [
 "alexandria_encoding",
 "game_components_embeddable_game_standard",
 "game_components_interfaces",
 "graffiti",
]

[[package]]
name = "graffiti"
version = "0.1.0"
source = "git+https://github.com/provable-games/graffiti#085657596d0779299f1087bbf139a9fe8e5e71b4"

[[package]]
name = "interfaces"
version = "0.1.0"
source = "git+https://github.com/Provable-Games/metagame_extensions.git?branch=next#3f4b9b92c00b72b52016819442e8b6d64f0858b6"

[[package]]
name = "number_guess"
version = "0.1.0"
dependencies = [
 "denshokan_registry",
 "denshokan_renderer",
 "denshokan_testing",
 "denshokan_token",
 "game_components_embeddable_game_standard",
 "openzeppelin_interfaces",
 "openzeppelin_introspection",
 "openzeppelin_token",
 "snforge_std",
]

[[package]]
name = "openzeppelin_access"
version = "3.0.0"
source = "git+https://github.com/OpenZeppelin/cairo-contracts.git?tag=v3.0.0#ddd3338e787a3fbf4a92b366640a57ee364390cb"
dependencies = [
 "openzeppelin_interfaces",
 "openzeppelin_introspection",
]

[[package]]
name = "openzeppelin_interfaces"
version = "2.1.0"
source = "git+https://github.com/OpenZeppelin/cairo-contracts.git?tag=v3.0.0#ddd3338e787a3fbf4a92b366640a57ee364390cb"

[[package]]
name = "openzeppelin_introspection"
version = "3.0.0"
source = "git+https://github.com/OpenZeppelin/cairo-contracts.git?tag=v3.0.0#ddd3338e787a3fbf4a92b366640a57ee364390cb"
dependencies = [
 "openzeppelin_interfaces",
]

[[package]]
name = "openzeppelin_token"
version = "3.0.0"
source = "git+https://github.com/OpenZeppelin/cairo-contracts.git?tag=v3.0.0#ddd3338e787a3fbf4a92b366640a57ee364390cb"
dependencies = [
 "openzeppelin_access",
 "openzeppelin_interfaces",
 "openzeppelin_introspection",
 "openzeppelin_utils",
]

[[package]]
name = "openzeppelin_upgrades"
version = "3.0.0"
source = "git+https://github.com/OpenZeppelin/cairo-contracts.git?tag=v3.0.0#ddd3338e787a3fbf4a92b366640a57ee364390cb"

[[package]]
name = "openzeppelin_utils"
version = "2.1.0"
source = "git+https://github.com/OpenZeppelin/cairo-contracts.git?tag=v3.0.0#ddd3338e787a3fbf4a92b366640a57ee364390cb"
dependencies = [
 "openzeppelin_interfaces",
]

[[package]]
name = "snforge_scarb_plugin"
version = "0.55.0"
source = "git+https://github.com/foundry-rs/starknet-foundry?tag=v0.55.0#8891212a4fe99f1787298042f828ebd4e4abe9a3"

[[package]]
name = "snforge_std"
version = "0.55.0"
source = "git+https://github.com/foundry-rs/starknet-foundry?tag=v0.55.0#8891212a4fe99f1787298042f828ebd4e4abe9a3"
dependencies = [
 "snforge_scarb_plugin",
]
